
Microsoft Visual Studio Solution File, Format Version 11.00
# Visual Studio 2010
Project("{FAE04EC0-301F-11D3-BF4B-00C04F79EFBC}") = "Assigment451", "Assigment451\Assigment451.csproj", "{67DDDB9E-E0A5-40DE-9507-E0A772A6C4CF}"
EndProject
Global
	GlobalSection(SolutionConfigurationPlatforms) = preSolution
		Debug|x86 = Debug|x86
		Release|x86 = Release|x86
	EndGlobalSection
	GlobalSection(ProjectConfigurationPlatforms) = postSolution
		{67DDDB9E-E0A5-40DE-9507-E0A772A6C4CF}.Debug|x86.ActiveCfg = Debug|x86
		{67DDDB9E-E0A5-40DE-9507-E0A772A6C4CF}.Debug|x86.Build.0 = Debug|x86
		{67DDDB9E-E0A5-40DE-9507-E0A772A6C4CF}.Release|x86.ActiveCfg = Release|x86
		{67DDDB9E-E0A5-40DE-9507-E0A772A6C4CF}.Release|x86.Build.0 = Release|x86
	EndGlobalSection
	GlobalSection(SolutionProperties) = preSolution
		HideSolutionNode = FALSE
	EndGlobalSection
EndGlobal
