
Microsoft Visual Studio Solution File, Format Version 11.00
# Visual Studio 2010
Project("{FAE04EC0-301F-11D3-BF4B-00C04F79EFBC}") = "Tests", "Tests\Tests.csproj", "{35DAF92E-3B6C-40E4-8B13-FF7DB52C7175}"
EndProject
Global
	GlobalSection(SolutionConfigurationPlatforms) = preSolution
		Debug|x86 = Debug|x86
		Release|x86 = Release|x86
	EndGlobalSection
	GlobalSection(ProjectConfigurationPlatforms) = postSolution
		{35DAF92E-3B6C-40E4-8B13-FF7DB52C7175}.Debug|x86.ActiveCfg = Debug|x86
		{35DAF92E-3B6C-40E4-8B13-FF7DB52C7175}.Debug|x86.Build.0 = Debug|x86
		{35DAF92E-3B6C-40E4-8B13-FF7DB52C7175}.Release|x86.ActiveCfg = Release|x86
		{35DAF92E-3B6C-40E4-8B13-FF7DB52C7175}.Release|x86.Build.0 = Release|x86
	EndGlobalSection
	GlobalSection(SolutionProperties) = preSolution
		HideSolutionNode = FALSE
	EndGlobalSection
EndGlobal
